
Microsoft Visual Studio Solution File, Format Version 12.00
# Visual Studio Version 17
VisualStudioVersion = 17.0.31903.59
MinimumVisualStudioVersion = 10.0.40219.1
Project("{FAE04EC0-301F-11D3-BF4B-00C04F79EFBC}") = "HVO.Core", "src\HVO.Core\HVO.Core.csproj", "{A1B2C3D4-1111-2222-3333-444455556666}"
EndProject
Project("{FAE04EC0-301F-11D3-BF4B-00C04F79EFBC}") = "HVO.Core.SourceGenerators", "src\HVO.Core.SourceGenerators\HVO.Core.SourceGenerators.csproj", "{A1B2C3D4-1111-2222-3333-444455557777}"
EndProject
Project("{FAE04EC0-301F-11D3-BF4B-00C04F79EFBC}") = "HVO.Core.Tests", "tests\HVO.Core.Tests\HVO.Core.Tests.csproj", "{A1B2C3D4-1111-2222-3333-444455558888}"
EndProject
Project("{FAE04EC0-301F-11D3-BF4B-00C04F79EFBC}") = "HVO.Core.SourceGenerators.Tests", "tests\HVO.Core.SourceGenerators.Tests\HVO.Core.SourceGenerators.Tests.csproj", "{A1B2C3D4-1111-2222-3333-444455559999}"
EndProject
Project("{2150E333-8FDC-42A3-9474-1A3956D46DE8}") = "src", "src", "{E0000001-0000-0000-0000-000000000001}"
EndProject
Project("{2150E333-8FDC-42A3-9474-1A3956D46DE8}") = "tests", "tests", "{E0000002-0000-0000-0000-000000000002}"
EndProject
Project("{FAE04EC0-301F-11D3-BF4B-00C04F79EFBC}") = "HVO.Iot.Devices", "src\HVO.Iot.Devices\HVO.Iot.Devices.csproj", "{AA534A85-EF3F-46E1-B691-0498C4A5D863}"
EndProject
Project("{FAE04EC0-301F-11D3-BF4B-00C04F79EFBC}") = "HVO.Iot.Devices.Tests", "tests\HVO.Iot.Devices.Tests\HVO.Iot.Devices.Tests.csproj", "{098F1616-CF44-4A36-8254-4427D9805149}"
EndProject
Project("{FAE04EC0-301F-11D3-BF4B-00C04F79EFBC}") = "HVO.Astronomy.CFITSIO", "src\HVO.Astronomy.CFITSIO\HVO.Astronomy.CFITSIO.csproj", "{1E94E030-94B3-4904-8E39-B6A040AC5418}"
EndProject
Project("{FAE04EC0-301F-11D3-BF4B-00C04F79EFBC}") = "HVO.Astronomy.CFITSIO.NativeAssets", "src\HVO.Astronomy.CFITSIO.NativeAssets\HVO.Astronomy.CFITSIO.NativeAssets.csproj", "{F132A7A4-70B4-418D-A04F-9E7EAABDE128}"
EndProject
Project("{FAE04EC0-301F-11D3-BF4B-00C04F79EFBC}") = "HVO.ZWOOptical.ASISDK", "src\HVO.ZWOOptical.ASISDK\HVO.ZWOOptical.ASISDK.csproj", "{41E92966-D0FC-4AD4-B6A3-BBD7DFAD0E13}"
EndProject
Project("{FAE04EC0-301F-11D3-BF4B-00C04F79EFBC}") = "HVO.Astronomy.CFITSIO.Tests", "tests\HVO.Astronomy.CFITSIO.Tests\HVO.Astronomy.CFITSIO.Tests.csproj", "{20E9F7AE-81EE-440E-ABC5-4114BEB4286F}"
EndProject
Global
	GlobalSection(SolutionConfigurationPlatforms) = preSolution
		Debug|Any CPU = Debug|Any CPU
		Debug|x64 = Debug|x64
		Debug|x86 = Debug|x86
		Release|Any CPU = Release|Any CPU
		Release|x64 = Release|x64
		Release|x86 = Release|x86
	EndGlobalSection
	GlobalSection(ProjectConfigurationPlatforms) = postSolution
		{A1B2C3D4-1111-2222-3333-444455556666}.Debug|Any CPU.ActiveCfg = Debug|Any CPU
		{A1B2C3D4-1111-2222-3333-444455556666}.Debug|Any CPU.Build.0 = Debug|Any CPU
		{A1B2C3D4-1111-2222-3333-444455556666}.Debug|x64.ActiveCfg = Debug|Any CPU
		{A1B2C3D4-1111-2222-3333-444455556666}.Debug|x64.Build.0 = Debug|Any CPU
		{A1B2C3D4-1111-2222-3333-444455556666}.Debug|x86.ActiveCfg = Debug|Any CPU
		{A1B2C3D4-1111-2222-3333-444455556666}.Debug|x86.Build.0 = Debug|Any CPU
		{A1B2C3D4-1111-2222-3333-444455556666}.Release|Any CPU.ActiveCfg = Release|Any CPU
		{A1B2C3D4-1111-2222-3333-444455556666}.Release|Any CPU.Build.0 = Release|Any CPU
		{A1B2C3D4-1111-2222-3333-444455556666}.Release|x64.ActiveCfg = Release|Any CPU
		{A1B2C3D4-1111-2222-3333-444455556666}.Release|x64.Build.0 = Release|Any CPU
		{A1B2C3D4-1111-2222-3333-444455556666}.Release|x86.ActiveCfg = Release|Any CPU
		{A1B2C3D4-1111-2222-3333-444455556666}.Release|x86.Build.0 = Release|Any CPU
		{A1B2C3D4-1111-2222-3333-444455557777}.Debug|Any CPU.ActiveCfg = Debug|Any CPU
		{A1B2C3D4-1111-2222-3333-444455557777}.Debug|Any CPU.Build.0 = Debug|Any CPU
		{A1B2C3D4-1111-2222-3333-444455557777}.Debug|x64.ActiveCfg = Debug|Any CPU
		{A1B2C3D4-1111-2222-3333-444455557777}.Debug|x64.Build.0 = Debug|Any CPU
		{A1B2C3D4-1111-2222-3333-444455557777}.Debug|x86.ActiveCfg = Debug|Any CPU
		{A1B2C3D4-1111-2222-3333-444455557777}.Debug|x86.Build.0 = Debug|Any CPU
		{A1B2C3D4-1111-2222-3333-444455557777}.Release|Any CPU.ActiveCfg = Release|Any CPU
		{A1B2C3D4-1111-2222-3333-444455557777}.Release|Any CPU.Build.0 = Release|Any CPU
		{A1B2C3D4-1111-2222-3333-444455557777}.Release|x64.ActiveCfg = Release|Any CPU
		{A1B2C3D4-1111-2222-3333-444455557777}.Release|x64.Build.0 = Release|Any CPU
		{A1B2C3D4-1111-2222-3333-444455557777}.Release|x86.ActiveCfg = Release|Any CPU
		{A1B2C3D4-1111-2222-3333-444455557777}.Release|x86.Build.0 = Release|Any CPU
		{A1B2C3D4-1111-2222-3333-444455558888}.Debug|Any CPU.ActiveCfg = Debug|Any CPU
		{A1B2C3D4-1111-2222-3333-444455558888}.Debug|Any CPU.Build.0 = Debug|Any CPU
		{A1B2C3D4-1111-2222-3333-444455558888}.Debug|x64.ActiveCfg = Debug|Any CPU
		{A1B2C3D4-1111-2222-3333-444455558888}.Debug|x64.Build.0 = Debug|Any CPU
		{A1B2C3D4-1111-2222-3333-444455558888}.Debug|x86.ActiveCfg = Debug|Any CPU
		{A1B2C3D4-1111-2222-3333-444455558888}.Debug|x86.Build.0 = Debug|Any CPU
		{A1B2C3D4-1111-2222-3333-444455558888}.Release|Any CPU.ActiveCfg = Release|Any CPU
		{A1B2C3D4-1111-2222-3333-444455558888}.Release|Any CPU.Build.0 = Release|Any CPU
		{A1B2C3D4-1111-2222-3333-444455558888}.Release|x64.ActiveCfg = Release|Any CPU
		{A1B2C3D4-1111-2222-3333-444455558888}.Release|x64.Build.0 = Release|Any CPU
		{A1B2C3D4-1111-2222-3333-444455558888}.Release|x86.ActiveCfg = Release|Any CPU
		{A1B2C3D4-1111-2222-3333-444455558888}.Release|x86.Build.0 = Release|Any CPU
		{A1B2C3D4-1111-2222-3333-444455559999}.Debug|Any CPU.ActiveCfg = Debug|Any CPU
		{A1B2C3D4-1111-2222-3333-444455559999}.Debug|Any CPU.Build.0 = Debug|Any CPU
		{A1B2C3D4-1111-2222-3333-444455559999}.Debug|x64.ActiveCfg = Debug|Any CPU
		{A1B2C3D4-1111-2222-3333-444455559999}.Debug|x64.Build.0 = Debug|Any CPU
		{A1B2C3D4-1111-2222-3333-444455559999}.Debug|x86.ActiveCfg = Debug|Any CPU
		{A1B2C3D4-1111-2222-3333-444455559999}.Debug|x86.Build.0 = Debug|Any CPU
		{A1B2C3D4-1111-2222-3333-444455559999}.Release|Any CPU.ActiveCfg = Release|Any CPU
		{A1B2C3D4-1111-2222-3333-444455559999}.Release|Any CPU.Build.0 = Release|Any CPU
		{A1B2C3D4-1111-2222-3333-444455559999}.Release|x64.ActiveCfg = Release|Any CPU
		{A1B2C3D4-1111-2222-3333-444455559999}.Release|x64.Build.0 = Release|Any CPU
		{A1B2C3D4-1111-2222-3333-444455559999}.Release|x86.ActiveCfg = Release|Any CPU
		{A1B2C3D4-1111-2222-3333-444455559999}.Release|x86.Build.0 = Release|Any CPU
		{AA534A85-EF3F-46E1-B691-0498C4A5D863}.Debug|Any CPU.ActiveCfg = Debug|Any CPU
		{AA534A85-EF3F-46E1-B691-0498C4A5D863}.Debug|Any CPU.Build.0 = Debug|Any CPU
		{AA534A85-EF3F-46E1-B691-0498C4A5D863}.Debug|x64.ActiveCfg = Debug|Any CPU
		{AA534A85-EF3F-46E1-B691-0498C4A5D863}.Debug|x64.Build.0 = Debug|Any CPU
		{AA534A85-EF3F-46E1-B691-0498C4A5D863}.Debug|x86.ActiveCfg = Debug|Any CPU
		{AA534A85-EF3F-46E1-B691-0498C4A5D863}.Debug|x86.Build.0 = Debug|Any CPU
		{AA534A85-EF3F-46E1-B691-0498C4A5D863}.Release|Any CPU.ActiveCfg = Release|Any CPU
		{AA534A85-EF3F-46E1-B691-0498C4A5D863}.Release|Any CPU.Build.0 = Release|Any CPU
		{AA534A85-EF3F-46E1-B691-0498C4A5D863}.Release|x64.ActiveCfg = Release|Any CPU
		{AA534A85-EF3F-46E1-B691-0498C4A5D863}.Release|x64.Build.0 = Release|Any CPU
		{AA534A85-EF3F-46E1-B691-0498C4A5D863}.Release|x86.ActiveCfg = Release|Any CPU
		{AA534A85-EF3F-46E1-B691-0498C4A5D863}.Release|x86.Build.0 = Release|Any CPU
		{098F1616-CF44-4A36-8254-4427D9805149}.Debug|Any CPU.ActiveCfg = Debug|Any CPU
		{098F1616-CF44-4A36-8254-4427D9805149}.Debug|Any CPU.Build.0 = Debug|Any CPU
		{098F1616-CF44-4A36-8254-4427D9805149}.Debug|x64.ActiveCfg = Debug|Any CPU
		{098F1616-CF44-4A36-8254-4427D9805149}.Debug|x64.Build.0 = Debug|Any CPU
		{098F1616-CF44-4A36-8254-4427D9805149}.Debug|x86.ActiveCfg = Debug|Any CPU
		{098F1616-CF44-4A36-8254-4427D9805149}.Debug|x86.Build.0 = Debug|Any CPU
		{098F1616-CF44-4A36-8254-4427D9805149}.Release|Any CPU.ActiveCfg = Release|Any CPU
		{098F1616-CF44-4A36-8254-4427D9805149}.Release|Any CPU.Build.0 = Release|Any CPU
		{098F1616-CF44-4A36-8254-4427D9805149}.Release|x64.ActiveCfg = Release|Any CPU
		{098F1616-CF44-4A36-8254-4427D9805149}.Release|x64.Build.0 = Release|Any CPU
		{098F1616-CF44-4A36-8254-4427D9805149}.Release|x86.ActiveCfg = Release|Any CPU
		{098F1616-CF44-4A36-8254-4427D9805149}.Release|x86.Build.0 = Release|Any CPU
		{1E94E030-94B3-4904-8E39-B6A040AC5418}.Debug|Any CPU.ActiveCfg = Debug|Any CPU
		{1E94E030-94B3-4904-8E39-B6A040AC5418}.Debug|Any CPU.Build.0 = Debug|Any CPU
		{1E94E030-94B3-4904-8E39-B6A040AC5418}.Debug|x64.ActiveCfg = Debug|Any CPU
		{1E94E030-94B3-4904-8E39-B6A040AC5418}.Debug|x64.Build.0 = Debug|Any CPU
		{1E94E030-94B3-4904-8E39-B6A040AC5418}.Debug|x86.ActiveCfg = Debug|Any CPU
		{1E94E030-94B3-4904-8E39-B6A040AC5418}.Debug|x86.Build.0 = Debug|Any CPU
		{1E94E030-94B3-4904-8E39-B6A040AC5418}.Release|Any CPU.ActiveCfg = Release|Any CPU
		{1E94E030-94B3-4904-8E39-B6A040AC5418}.Release|Any CPU.Build.0 = Release|Any CPU
		{1E94E030-94B3-4904-8E39-B6A040AC5418}.Release|x64.ActiveCfg = Release|Any CPU
		{1E94E030-94B3-4904-8E39-B6A040AC5418}.Release|x64.Build.0 = Release|Any CPU
		{1E94E030-94B3-4904-8E39-B6A040AC5418}.Release|x86.ActiveCfg = Release|Any CPU
		{1E94E030-94B3-4904-8E39-B6A040AC5418}.Release|x86.Build.0 = Release|Any CPU
		{F132A7A4-70B4-418D-A04F-9E7EAABDE128}.Debug|Any CPU.ActiveCfg = Debug|Any CPU
		{F132A7A4-70B4-418D-A04F-9E7EAABDE128}.Debug|Any CPU.Build.0 = Debug|Any CPU
		{F132A7A4-70B4-418D-A04F-9E7EAABDE128}.Debug|x64.ActiveCfg = Debug|Any CPU
		{F132A7A4-70B4-418D-A04F-9E7EAABDE128}.Debug|x64.Build.0 = Debug|Any CPU
		{F132A7A4-70B4-418D-A04F-9E7EAABDE128}.Debug|x86.ActiveCfg = Debug|Any CPU
		{F132A7A4-70B4-418D-A04F-9E7EAABDE128}.Debug|x86.Build.0 = Debug|Any CPU
		{F132A7A4-70B4-418D-A04F-9E7EAABDE128}.Release|Any CPU.ActiveCfg = Release|Any CPU
		{F132A7A4-70B4-418D-A04F-9E7EAABDE128}.Release|Any CPU.Build.0 = Release|Any CPU
		{F132A7A4-70B4-418D-A04F-9E7EAABDE128}.Release|x64.ActiveCfg = Release|Any CPU
		{F132A7A4-70B4-418D-A04F-9E7EAABDE128}.Release|x64.Build.0 = Release|Any CPU
		{F132A7A4-70B4-418D-A04F-9E7EAABDE128}.Release|x86.ActiveCfg = Release|Any CPU
		{F132A7A4-70B4-418D-A04F-9E7EAABDE128}.Release|x86.Build.0 = Release|Any CPU
		{41E92966-D0FC-4AD4-B6A3-BBD7DFAD0E13}.Debug|Any CPU.ActiveCfg = Debug|Any CPU
		{41E92966-D0FC-4AD4-B6A3-BBD7DFAD0E13}.Debug|Any CPU.Build.0 = Debug|Any CPU
		{41E92966-D0FC-4AD4-B6A3-BBD7DFAD0E13}.Debug|x64.ActiveCfg = Debug|Any CPU
		{41E92966-D0FC-4AD4-B6A3-BBD7DFAD0E13}.Debug|x64.Build.0 = Debug|Any CPU
		{41E92966-D0FC-4AD4-B6A3-BBD7DFAD0E13}.Debug|x86.ActiveCfg = Debug|Any CPU
		{41E92966-D0FC-4AD4-B6A3-BBD7DFAD0E13}.Debug|x86.Build.0 = Debug|Any CPU
		{41E92966-D0FC-4AD4-B6A3-BBD7DFAD0E13}.Release|Any CPU.ActiveCfg = Release|Any CPU
		{41E92966-D0FC-4AD4-B6A3-BBD7DFAD0E13}.Release|Any CPU.Build.0 = Release|Any CPU
		{41E92966-D0FC-4AD4-B6A3-BBD7DFAD0E13}.Release|x64.ActiveCfg = Release|Any CPU
		{41E92966-D0FC-4AD4-B6A3-BBD7DFAD0E13}.Release|x64.Build.0 = Release|Any CPU
		{41E92966-D0FC-4AD4-B6A3-BBD7DFAD0E13}.Release|x86.ActiveCfg = Release|Any CPU
		{41E92966-D0FC-4AD4-B6A3-BBD7DFAD0E13}.Release|x86.Build.0 = Release|Any CPU
		{20E9F7AE-81EE-440E-ABC5-4114BEB4286F}.Debug|Any CPU.ActiveCfg = Debug|Any CPU
		{20E9F7AE-81EE-440E-ABC5-4114BEB4286F}.Debug|Any CPU.Build.0 = Debug|Any CPU
		{20E9F7AE-81EE-440E-ABC5-4114BEB4286F}.Debug|x64.ActiveCfg = Debug|Any CPU
		{20E9F7AE-81EE-440E-ABC5-4114BEB4286F}.Debug|x64.Build.0 = Debug|Any CPU
		{20E9F7AE-81EE-440E-ABC5-4114BEB4286F}.Debug|x86.ActiveCfg = Debug|Any CPU
		{20E9F7AE-81EE-440E-ABC5-4114BEB4286F}.Debug|x86.Build.0 = Debug|Any CPU
		{20E9F7AE-81EE-440E-ABC5-4114BEB4286F}.Release|Any CPU.ActiveCfg = Release|Any CPU
		{20E9F7AE-81EE-440E-ABC5-4114BEB4286F}.Release|Any CPU.Build.0 = Release|Any CPU
		{20E9F7AE-81EE-440E-ABC5-4114BEB4286F}.Release|x64.ActiveCfg = Release|Any CPU
		{20E9F7AE-81EE-440E-ABC5-4114BEB4286F}.Release|x64.Build.0 = Release|Any CPU
		{20E9F7AE-81EE-440E-ABC5-4114BEB4286F}.Release|x86.ActiveCfg = Release|Any CPU
		{20E9F7AE-81EE-440E-ABC5-4114BEB4286F}.Release|x86.Build.0 = Release|Any CPU
	EndGlobalSection
	GlobalSection(SolutionProperties) = preSolution
		HideSolutionNode = FALSE
	EndGlobalSection
	GlobalSection(NestedProjects) = preSolution
		{A1B2C3D4-1111-2222-3333-444455556666} = {E0000001-0000-0000-0000-000000000001}
		{A1B2C3D4-1111-2222-3333-444455557777} = {E0000001-0000-0000-0000-000000000001}
		{A1B2C3D4-1111-2222-3333-444455558888} = {E0000002-0000-0000-0000-000000000002}
		{A1B2C3D4-1111-2222-3333-444455559999} = {E0000002-0000-0000-0000-000000000002}
		{AA534A85-EF3F-46E1-B691-0498C4A5D863} = {E0000001-0000-0000-0000-000000000001}
		{098F1616-CF44-4A36-8254-4427D9805149} = {E0000002-0000-0000-0000-000000000002}
		{1E94E030-94B3-4904-8E39-B6A040AC5418} = {E0000001-0000-0000-0000-000000000001}
		{F132A7A4-70B4-418D-A04F-9E7EAABDE128} = {E0000001-0000-0000-0000-000000000001}
		{41E92966-D0FC-4AD4-B6A3-BBD7DFAD0E13} = {E0000001-0000-0000-0000-000000000001}
		{20E9F7AE-81EE-440E-ABC5-4114BEB4286F} = {E0000002-0000-0000-0000-000000000002}
	EndGlobalSection
EndGlobal
