
Microsoft Visual Studio Solution File, Format Version 12.00
# Visual Studio Version 17
VisualStudioVersion = 17.0.31903.59
MinimumVisualStudioVersion = 10.0.40219.1
Project("{FAE04EC0-301F-11D3-BF4B-00C04F79EFBC}") = "HVO.Core", "src\HVO.Core\HVO.Core.csproj", "{A1B2C3D4-1111-2222-3333-444455556666}"
EndProject
Project("{FAE04EC0-301F-11D3-BF4B-00C04F79EFBC}") = "HVO.Core.SourceGenerators", "src\HVO.Core.SourceGenerators\HVO.Core.SourceGenerators.csproj", "{A1B2C3D4-1111-2222-3333-444455557777}"
EndProject
Project("{FAE04EC0-301F-11D3-BF4B-00C04F79EFBC}") = "HVO.Core.Tests", "tests\HVO.Core.Tests\HVO.Core.Tests.csproj", "{A1B2C3D4-1111-2222-3333-444455558888}"
EndProject
Project("{FAE04EC0-301F-11D3-BF4B-00C04F79EFBC}") = "HVO.Core.SourceGenerators.Tests", "tests\HVO.Core.SourceGenerators.Tests\HVO.Core.SourceGenerators.Tests.csproj", "{A1B2C3D4-1111-2222-3333-444455559999}"
EndProject
Project("{2150E333-8FDC-42A3-9474-1A3956D46DE8}") = "src", "src", "{E0000001-0000-0000-0000-000000000001}"
EndProject
Project("{2150E333-8FDC-42A3-9474-1A3956D46DE8}") = "tests", "tests", "{E0000002-0000-0000-0000-000000000002}"
EndProject
Project("{FAE04EC0-301F-11D3-BF4B-00C04F79EFBC}") = "HVO.Iot.Devices", "src\HVO.Iot.Devices\HVO.Iot.Devices.csproj", "{AA534A85-EF3F-46E1-B691-0498C4A5D863}"
EndProject
Project("{FAE04EC0-301F-11D3-BF4B-00C04F79EFBC}") = "HVO.Iot.Devices.Tests", "tests\HVO.Iot.Devices.Tests\HVO.Iot.Devices.Tests.csproj", "{098F1616-CF44-4A36-8254-4427D9805149}"
EndProject
Global
	GlobalSection(SolutionConfigurationPlatforms) = preSolution
		Debug|Any CPU = Debug|Any CPU
		Debug|x64 = Debug|x64
		Debug|x86 = Debug|x86
		Release|Any CPU = Release|Any CPU
		Release|x64 = Release|x64
		Release|x86 = Release|x86
	EndGlobalSection
	GlobalSection(ProjectConfigurationPlatforms) = postSolution
		{A1B2C3D4-1111-2222-3333-444455556666}.Debug|Any CPU.ActiveCfg = Debug|Any CPU
		{A1B2C3D4-1111-2222-3333-444455556666}.Debug|Any CPU.Build.0 = Debug|Any CPU
		{A1B2C3D4-1111-2222-3333-444455556666}.Debug|x64.ActiveCfg = Debug|Any CPU
		{A1B2C3D4-1111-2222-3333-444455556666}.Debug|x64.Build.0 = Debug|Any CPU
		{A1B2C3D4-1111-2222-3333-444455556666}.Debug|x86.ActiveCfg = Debug|Any CPU
		{A1B2C3D4-1111-2222-3333-444455556666}.Debug|x86.Build.0 = Debug|Any CPU
		{A1B2C3D4-1111-2222-3333-444455556666}.Release|Any CPU.ActiveCfg = Release|Any CPU
		{A1B2C3D4-1111-2222-3333-444455556666}.Release|Any CPU.Build.0 = Release|Any CPU
		{A1B2C3D4-1111-2222-3333-444455556666}.Release|x64.ActiveCfg = Release|Any CPU
		{A1B2C3D4-1111-2222-3333-444455556666}.Release|x64.Build.0 = Release|Any CPU
		{A1B2C3D4-1111-2222-3333-444455556666}.Release|x86.ActiveCfg = Release|Any CPU
		{A1B2C3D4-1111-2222-3333-444455556666}.Release|x86.Build.0 = Release|Any CPU
		{A1B2C3D4-1111-2222-3333-444455557777}.Debug|Any CPU.ActiveCfg = Debug|Any CPU
		{A1B2C3D4-1111-2222-3333-444455557777}.Debug|Any CPU.Build.0 = Debug|Any CPU
		{A1B2C3D4-1111-2222-3333-444455557777}.Debug|x64.ActiveCfg = Debug|Any CPU
		{A1B2C3D4-1111-2222-3333-444455557777}.Debug|x64.Build.0 = Debug|Any CPU
		{A1B2C3D4-1111-2222-3333-444455557777}.Debug|x86.ActiveCfg = Debug|Any CPU
		{A1B2C3D4-1111-2222-3333-444455557777}.Debug|x86.Build.0 = Debug|Any CPU
		{A1B2C3D4-1111-2222-3333-444455557777}.Release|Any CPU.ActiveCfg = Release|Any CPU
		{A1B2C3D4-1111-2222-3333-444455557777}.Release|Any CPU.Build.0 = Release|Any CPU
		{A1B2C3D4-1111-2222-3333-444455557777}.Release|x64.ActiveCfg = Release|Any CPU
		{A1B2C3D4-1111-2222-3333-444455557777}.Release|x64.Build.0 = Release|Any CPU
		{A1B2C3D4-1111-2222-3333-444455557777}.Release|x86.ActiveCfg = Release|Any CPU
		{A1B2C3D4-1111-2222-3333-444455557777}.Release|x86.Build.0 = Release|Any CPU
		{A1B2C3D4-1111-2222-3333-444455558888}.Debug|Any CPU.ActiveCfg = Debug|Any CPU
		{A1B2C3D4-1111-2222-3333-444455558888}.Debug|Any CPU.Build.0 = Debug|Any CPU
		{A1B2C3D4-1111-2222-3333-444455558888}.Debug|x64.ActiveCfg = Debug|Any CPU
		{A1B2C3D4-1111-2222-3333-444455558888}.Debug|x64.Build.0 = Debug|Any CPU
		{A1B2C3D4-1111-2222-3333-444455558888}.Debug|x86.ActiveCfg = Debug|Any CPU
		{A1B2C3D4-1111-2222-3333-444455558888}.Debug|x86.Build.0 = Debug|Any CPU
		{A1B2C3D4-1111-2222-3333-444455558888}.Release|Any CPU.ActiveCfg = Release|Any CPU
		{A1B2C3D4-1111-2222-3333-444455558888}.Release|Any CPU.Build.0 = Release|Any CPU
		{A1B2C3D4-1111-2222-3333-444455558888}.Release|x64.ActiveCfg = Release|Any CPU
		{A1B2C3D4-1111-2222-3333-444455558888}.Release|x64.Build.0 = Release|Any CPU
		{A1B2C3D4-1111-2222-3333-444455558888}.Release|x86.ActiveCfg = Release|Any CPU
		{A1B2C3D4-1111-2222-3333-444455558888}.Release|x86.Build.0 = Release|Any CPU
		{A1B2C3D4-1111-2222-3333-444455559999}.Debug|Any CPU.ActiveCfg = Debug|Any CPU
		{A1B2C3D4-1111-2222-3333-444455559999}.Debug|Any CPU.Build.0 = Debug|Any CPU
		{A1B2C3D4-1111-2222-3333-444455559999}.Debug|x64.ActiveCfg = Debug|Any CPU
		{A1B2C3D4-1111-2222-3333-444455559999}.Debug|x64.Build.0 = Debug|Any CPU
		{A1B2C3D4-1111-2222-3333-444455559999}.Debug|x86.ActiveCfg = Debug|Any CPU
		{A1B2C3D4-1111-2222-3333-444455559999}.Debug|x86.Build.0 = Debug|Any CPU
		{A1B2C3D4-1111-2222-3333-444455559999}.Release|Any CPU.ActiveCfg = Release|Any CPU
		{A1B2C3D4-1111-2222-3333-444455559999}.Release|Any CPU.Build.0 = Release|Any CPU
		{A1B2C3D4-1111-2222-3333-444455559999}.Release|x64.ActiveCfg = Release|Any CPU
		{A1B2C3D4-1111-2222-3333-444455559999}.Release|x64.Build.0 = Release|Any CPU
		{A1B2C3D4-1111-2222-3333-444455559999}.Release|x86.ActiveCfg = Release|Any CPU
		{A1B2C3D4-1111-2222-3333-444455559999}.Release|x86.Build.0 = Release|Any CPU
		{AA534A85-EF3F-46E1-B691-0498C4A5D863}.Debug|Any CPU.ActiveCfg = Debug|Any CPU
		{AA534A85-EF3F-46E1-B691-0498C4A5D863}.Debug|Any CPU.Build.0 = Debug|Any CPU
		{AA534A85-EF3F-46E1-B691-0498C4A5D863}.Debug|x64.ActiveCfg = Debug|Any CPU
		{AA534A85-EF3F-46E1-B691-0498C4A5D863}.Debug|x64.Build.0 = Debug|Any CPU
		{AA534A85-EF3F-46E1-B691-0498C4A5D863}.Debug|x86.ActiveCfg = Debug|Any CPU
		{AA534A85-EF3F-46E1-B691-0498C4A5D863}.Debug|x86.Build.0 = Debug|Any CPU
		{AA534A85-EF3F-46E1-B691-0498C4A5D863}.Release|Any CPU.ActiveCfg = Release|Any CPU
		{AA534A85-EF3F-46E1-B691-0498C4A5D863}.Release|Any CPU.Build.0 = Release|Any CPU
		{AA534A85-EF3F-46E1-B691-0498C4A5D863}.Release|x64.ActiveCfg = Release|Any CPU
		{AA534A85-EF3F-46E1-B691-0498C4A5D863}.Release|x64.Build.0 = Release|Any CPU
		{AA534A85-EF3F-46E1-B691-0498C4A5D863}.Release|x86.ActiveCfg = Release|Any CPU
		{AA534A85-EF3F-46E1-B691-0498C4A5D863}.Release|x86.Build.0 = Release|Any CPU
		{098F1616-CF44-4A36-8254-4427D9805149}.Debug|Any CPU.ActiveCfg = Debug|Any CPU
		{098F1616-CF44-4A36-8254-4427D9805149}.Debug|Any CPU.Build.0 = Debug|Any CPU
		{098F1616-CF44-4A36-8254-4427D9805149}.Debug|x64.ActiveCfg = Debug|Any CPU
		{098F1616-CF44-4A36-8254-4427D9805149}.Debug|x64.Build.0 = Debug|Any CPU
		{098F1616-CF44-4A36-8254-4427D9805149}.Debug|x86.ActiveCfg = Debug|Any CPU
		{098F1616-CF44-4A36-8254-4427D9805149}.Debug|x86.Build.0 = Debug|Any CPU
		{098F1616-CF44-4A36-8254-4427D9805149}.Release|Any CPU.ActiveCfg = Release|Any CPU
		{098F1616-CF44-4A36-8254-4427D9805149}.Release|Any CPU.Build.0 = Release|Any CPU
		{098F1616-CF44-4A36-8254-4427D9805149}.Release|x64.ActiveCfg = Release|Any CPU
		{098F1616-CF44-4A36-8254-4427D9805149}.Release|x64.Build.0 = Release|Any CPU
		{098F1616-CF44-4A36-8254-4427D9805149}.Release|x86.ActiveCfg = Release|Any CPU
		{098F1616-CF44-4A36-8254-4427D9805149}.Release|x86.Build.0 = Release|Any CPU
	EndGlobalSection
	GlobalSection(SolutionProperties) = preSolution
		HideSolutionNode = FALSE
	EndGlobalSection
	GlobalSection(NestedProjects) = preSolution
		{A1B2C3D4-1111-2222-3333-444455556666} = {E0000001-0000-0000-0000-000000000001}
		{A1B2C3D4-1111-2222-3333-444455557777} = {E0000001-0000-0000-0000-000000000001}
		{A1B2C3D4-1111-2222-3333-444455558888} = {E0000002-0000-0000-0000-000000000002}
		{A1B2C3D4-1111-2222-3333-444455559999} = {E0000002-0000-0000-0000-000000000002}
		{AA534A85-EF3F-46E1-B691-0498C4A5D863} = {E0000001-0000-0000-0000-000000000001}
		{098F1616-CF44-4A36-8254-4427D9805149} = {E0000002-0000-0000-0000-000000000002}
	EndGlobalSection
EndGlobal
